PODS:
  - Alamofire (3.1.0)

DEPENDENCIES:
  - Alamofire (from `https://github.com/Alamofire/Alamofire.git`)

EXTERNAL SOURCES:
  Alamofire:
    :git: https://github.com/Alamofire/Alamofire.git

CHECKOUT OPTIONS:
  Alamofire:
    :commit: a8f27df4b1a6524142d459401919face6d1d4fb4
    :git: https://github.com/Alamofire/Alamofire.git

SPEC CHECKSUMS:
  Alamofire: 415bd7f56197722978759078486689f7ef913dce

COCOAPODS: 0.39.0
